
Microsoft Visual Studio Solution File, Format Version 12.00
# Visual Studio Version 17
VisualStudioVersion = 17.0.31919.166
MinimumVisualStudioVersion = 10.0.40219.1
Project("{FAE04EC0-301F-11D3-BF4B-00C04F79EFBC}") = "AppRelationModel3", "AppRelationModel3.csproj", "{659FAF43-DD9B-48D2-827C-F4CBBA6913E6}"
EndProject
Global
	GlobalSection(SolutionConfigurationPlatforms) = preSolution
		Debug|Any CPU = Debug|Any CPU
		Release|Any CPU = Release|Any CPU
	EndGlobalSection
	GlobalSection(ProjectConfigurationPlatforms) = postSolution
		{659FAF43-DD9B-48D2-827C-F4CBBA6913E6}.Debug|Any CPU.ActiveCfg = Debug|Any CPU
		{659FAF43-DD9B-48D2-827C-F4CBBA6913E6}.Debug|Any CPU.Build.0 = Debug|Any CPU
		{659FAF43-DD9B-48D2-827C-F4CBBA6913E6}.Release|Any CPU.ActiveCfg = Release|Any CPU
		{659FAF43-DD9B-48D2-827C-F4CBBA6913E6}.Release|Any CPU.Build.0 = Release|Any CPU
	EndGlobalSection
	GlobalSection(SolutionProperties) = preSolution
		HideSolutionNode = FALSE
	EndGlobalSection
	GlobalSection(ExtensibilityGlobals) = postSolution
		SolutionGuid = {329D28F3-951F-4E37-93C8-AA729C77AA34}
	EndGlobalSection
EndGlobal
